
Microsoft Visual Studio Solution File, Format Version 12.00
# Visual Studio 15
VisualStudioVersion = 15.0.28307.106
MinimumVisualStudioVersion = 10.0.40219.1
Project("{F184B08F-C81C-45F6-A57F-5ABD9991F28F}") = "ahdemoVBsln", "ahdemoVBsln.vbproj", "{9A9393F0-E4FE-4616-98C8-0DE40F3F8857}"
EndProject
Project("{FAE04EC0-301F-11D3-BF4B-00C04F79EFBC}") = "GISQ.Util.Data", "..\GISQ.Util.Data\GISQ.Util.Data.csproj", "{8E47BDA4-ED5F-45E0-8FD5-CF65BA2082E8}"
EndProject
Project("{F184B08F-C81C-45F6-A57F-5ABD9991F28F}") = "UnitTest", "..\UnitTest\UnitTest.vbproj", "{D270B236-D4D8-474E-90F3-5C75C642BCC3}"
EndProject
Global
	GlobalSection(SolutionConfigurationPlatforms) = preSolution
		Debug|Any CPU = Debug|Any CPU
		Release|Any CPU = Release|Any CPU
	EndGlobalSection
	GlobalSection(ProjectConfigurationPlatforms) = postSolution
		{9A9393F0-E4FE-4616-98C8-0DE40F3F8857}.Debug|Any CPU.ActiveCfg = Debug|Any CPU
		{9A9393F0-E4FE-4616-98C8-0DE40F3F8857}.Debug|Any CPU.Build.0 = Debug|Any CPU
		{9A9393F0-E4FE-4616-98C8-0DE40F3F8857}.Release|Any CPU.ActiveCfg = Release|Any CPU
		{9A9393F0-E4FE-4616-98C8-0DE40F3F8857}.Release|Any CPU.Build.0 = Release|Any CPU
		{8E47BDA4-ED5F-45E0-8FD5-CF65BA2082E8}.Debug|Any CPU.ActiveCfg = Debug|Any CPU
		{8E47BDA4-ED5F-45E0-8FD5-CF65BA2082E8}.Debug|Any CPU.Build.0 = Debug|Any CPU
		{8E47BDA4-ED5F-45E0-8FD5-CF65BA2082E8}.Release|Any CPU.ActiveCfg = Release|Any CPU
		{8E47BDA4-ED5F-45E0-8FD5-CF65BA2082E8}.Release|Any CPU.Build.0 = Release|Any CPU
		{D270B236-D4D8-474E-90F3-5C75C642BCC3}.Debug|Any CPU.ActiveCfg = Debug|Any CPU
		{D270B236-D4D8-474E-90F3-5C75C642BCC3}.Debug|Any CPU.Build.0 = Debug|Any CPU
		{D270B236-D4D8-474E-90F3-5C75C642BCC3}.Release|Any CPU.ActiveCfg = Release|Any CPU
		{D270B236-D4D8-474E-90F3-5C75C642BCC3}.Release|Any CPU.Build.0 = Release|Any CPU
	EndGlobalSection
	GlobalSection(SolutionProperties) = preSolution
		HideSolutionNode = FALSE
	EndGlobalSection
	GlobalSection(ExtensibilityGlobals) = postSolution
		SolutionGuid = {C5B5D6C5-C2DD-47F2-A6B1-BD80A3D0A903}
	EndGlobalSection
EndGlobal
